
Microsoft Visual Studio Solution File, Format Version 12.00
# Visual Studio Version 16
VisualStudioVersion = 16.0.32106.194
MinimumVisualStudioVersion = 10.0.40219.1
Project("{FAE04EC0-301F-11D3-BF4B-00C04F79EFBC}") = "4 Sandwiches Menu", "4 Sandwiches Menu.csproj", "{F7CB94DA-1EC6-4750-B840-C45356F97109}"
EndProject
Global
	GlobalSection(SolutionConfigurationPlatforms) = preSolution
		Debug|Any CPU = Debug|Any CPU
		Release|Any CPU = Release|Any CPU
	EndGlobalSection
	GlobalSection(ProjectConfigurationPlatforms) = postSolution
		{F7CB94DA-1EC6-4750-B840-C45356F97109}.Debug|Any CPU.ActiveCfg = Debug|Any CPU
		{F7CB94DA-1EC6-4750-B840-C45356F97109}.Debug|Any CPU.Build.0 = Debug|Any CPU
		{F7CB94DA-1EC6-4750-B840-C45356F97109}.Release|Any CPU.ActiveCfg = Release|Any CPU
		{F7CB94DA-1EC6-4750-B840-C45356F97109}.Release|Any CPU.Build.0 = Release|Any CPU
	EndGlobalSection
	GlobalSection(SolutionProperties) = preSolution
		HideSolutionNode = FALSE
	EndGlobalSection
	GlobalSection(ExtensibilityGlobals) = postSolution
		SolutionGuid = {9D102659-5E08-41B8-888B-0282C64AF869}
	EndGlobalSection
EndGlobal
